// !$*UTF8*$!
{
	archiveVersion = 1;
	classes = {
	};
	objectVersion = 55;
	objects = {

/* Begin PBXBuildFile section */
		0069C1087D8F628B4E83E886 /* TuistBundle+SearchBooks.swift in Sources */ = {isa = PBXBuildFile; fileRef = F7A02622154ECFF2A02352AA /* TuistBundle+SearchBooks.swift */; };
		06A5AF1174BD3B981BE9A3C3 /* SearchBookAPI.swift in Sources */ = {isa = PBXBuildFile; fileRef = 9496BFC8DEC2B10D21E7380C /* SearchBookAPI.swift */; };
		082A1BCBEDF89DD057D68797 /* SearchBooksView.swift in Sources */ = {isa = PBXBuildFile; fileRef = CAE750A601B903077C705694 /* SearchBooksView.swift */; };
		0E2043D9ACD88726A717A089 /* SearchBooksUITests.swift in Sources */ = {isa = PBXBuildFile; fileRef = D691D1BA20DA7227C717177F /* SearchBooksUITests.swift */; };
		1649A010BC6B3F9C186EF7D9 /* SearchBooksResponse.swift in Sources */ = {isa = PBXBuildFile; fileRef = 97AA796757DE355B054D644B /* SearchBooksResponse.swift */; };
		1A76F087C43E2A2A9484B173 /* SwiftUIIntrospect.framework in Frameworks */ = {isa = PBXBuildFile; fileRef = D348180C38E3CDFE861055B9 /* SwiftUIIntrospect.framework */; };
		1ED1384A3DAFE6221C56ADDA /* ImageViewModel.swift in Sources */ = {isa = PBXBuildFile; fileRef = 16B4B77B353A08C2C1F0FD7A /* ImageViewModel.swift */; };
		22EE1F4CF3CE3CAAE31F466F /* BookDetailViewModel.swift in Sources */ = {isa = PBXBuildFile; fileRef = 806AF3D969FD137D90A041A8 /* BookDetailViewModel.swift */; };
		262FF4F5D49B87C7CE68CFCE /* WKWebViewRepresentableView.swift in Sources */ = {isa = PBXBuildFile; fileRef = 91D6120AFD3482A04CDDB9FB /* WKWebViewRepresentableView.swift */; };
		3BFD73900BD854F4E246D80F /* Book.swift in Sources */ = {isa = PBXBuildFile; fileRef = 6B95CAC9CD9A695E6F046EFA /* Book.swift */; };
		3C1521D2B8A53328F01E0619 /* SearchBooksTests.swift in Sources */ = {isa = PBXBuildFile; fileRef = 30736F6F9BB343272E110401 /* SearchBooksTests.swift */; };
		5592E87EA08A2F8945B347F2 /* BookDetailRepository.swift in Sources */ = {isa = PBXBuildFile; fileRef = 7A0EFF3591A2138ADEAD37AA /* BookDetailRepository.swift */; };
		5EB5956ADCD4813A3D5A988F /* ImageView.swift in Sources */ = {isa = PBXBuildFile; fileRef = 662C47E758A7B23A875032DA /* ImageView.swift */; };
		74B82B8337927386D34CEA2D /* ImageCacheManager.swift in Sources */ = {isa = PBXBuildFile; fileRef = 9D674550BFCE82C16EDFA59A /* ImageCacheManager.swift */; };
		75FBE9B8A366B971C9891327 /* Preview Assets.xcassets in Resources */ = {isa = PBXBuildFile; fileRef = 69F06E84AEBACD0E13A1077C /* Preview Assets.xcassets */; };
		7867A413CD73EB618E274024 /* SearchBooksRepository.swift in Sources */ = {isa = PBXBuildFile; fileRef = 97696DE0D05C1E20943CBF8B /* SearchBooksRepository.swift */; };
		8CBD1F5254D893ACC86FDBA2 /* SearchBooksApp.swift in Sources */ = {isa = PBXBuildFile; fileRef = 72F98A0C331D8C5F701ED5EA /* SearchBooksApp.swift */; };
		90613989B280F3DB170F9927 /* BookDetail.swift in Sources */ = {isa = PBXBuildFile; fileRef = CF6AF5130BDF4BBA30F56458 /* BookDetail.swift */; };
		934B5AE96918BFA448128936 /* Assets.xcassets in Resources */ = {isa = PBXBuildFile; fileRef = C62A81A58A34ABC6F263F89D /* Assets.xcassets */; };
		A2428E5E798DA934DDAC7D79 /* TuistAssets+SearchBooks.swift in Sources */ = {isa = PBXBuildFile; fileRef = 2363616D44F139584A43D6D2 /* TuistAssets+SearchBooks.swift */; };
		A9B888E476C7128AC28F8608 /* SearchBooksUITestsLaunchTests.swift in Sources */ = {isa = PBXBuildFile; fileRef = 2A2E898AF5B645538943E571 /* SearchBooksUITestsLaunchTests.swift */; };
		D3818972243EA9644F875F68 /* SwiftUIIntrospect.framework in Embed Frameworks */ = {isa = PBXBuildFile; fileRef = D348180C38E3CDFE861055B9 /* SwiftUIIntrospect.framework */; settings = {ATTRIBUTES = (CodeSignOnCopy, RemoveHeadersOnCopy, ); }; };
		DBD70F88D4F487DDEA8F6A73 /* BookDetailView.swift in Sources */ = {isa = PBXBuildFile; fileRef = AB42CF7D1ACEFDF14E8F6D6A /* BookDetailView.swift */; };
		E676447CA24F2B9E718433D6 /* PDFWebView.swift in Sources */ = {isa = PBXBuildFile; fileRef = 6FB0DABD5E9E5AA5DBE0C6D1 /* PDFWebView.swift */; };
		EE5FC86EC87A2193E903D2A1 /* BookItemView.swift in Sources */ = {isa = PBXBuildFile; fileRef = BB84249311021AE497EF2822 /* BookItemView.swift */; };
		F961C1278BAAB4C5F91F3120 /* SearchBooksViewModel.swift in Sources */ = {isa = PBXBuildFile; fileRef = E69C287E7043ADF360D074CA /* SearchBooksViewModel.swift */; };
		FD0830D9E7A6A3D10DB3A146 /* BookDetailPDFItemView.swift in Sources */ = {isa = PBXBuildFile; fileRef = C1690BD4B3F5BC69118F9218 /* BookDetailPDFItemView.swift */; };
/* End PBXBuildFile section */

/* Begin PBXContainerItemProxy section */
		C9008842A41118A2992E4AEC /* PBXContainerItemProxy */ = {
			isa = PBXContainerItemProxy;
			containerPortal = 5B7534BCEB7B2A17C84CF0BD /* Project object */;
			proxyType = 1;
			remoteGlobalIDString = 1CA5B36E1A2C010338DD549A;
			remoteInfo = SearchBooks;
		};
		E093B632AA20296295FF95FC /* PBXContainerItemProxy */ = {
			isa = PBXContainerItemProxy;
			containerPortal = 5B7534BCEB7B2A17C84CF0BD /* Project object */;
			proxyType = 1;
			remoteGlobalIDString = 1CA5B36E1A2C010338DD549A;
			remoteInfo = SearchBooks;
		};
/* End PBXContainerItemProxy section */

/* Begin PBXCopyFilesBuildPhase section */
		3AFEEA8FD262D4CDEC047C8C /* Embed Frameworks */ = {
			isa = PBXCopyFilesBuildPhase;
			buildActionMask = 2147483647;
			dstPath = "";
			dstSubfolderSpec = 10;
			files = (
				D3818972243EA9644F875F68 /* SwiftUIIntrospect.framework in Embed Frameworks */,
			);
			name = "Embed Frameworks";
			runOnlyForDeploymentPostprocessing = 0;
		};
		C2A2869B9194872E3612E77B /* Embed Frameworks */ = {
			isa = PBXCopyFilesBuildPhase;
			buildActionMask = 2147483647;
			dstPath = "";
			dstSubfolderSpec = 10;
			files = (
			);
			name = "Embed Frameworks";
			runOnlyForDeploymentPostprocessing = 0;
		};
		E17F7D4852F0B0B95D0885FA /* Embed Frameworks */ = {
			isa = PBXCopyFilesBuildPhase;
			buildActionMask = 2147483647;
			dstPath = "";
			dstSubfolderSpec = 10;
			files = (
			);
			name = "Embed Frameworks";
			runOnlyForDeploymentPostprocessing = 0;
		};
/* End PBXCopyFilesBuildPhase section */

/* Begin PBXFileReference section */
		16B4B77B353A08C2C1F0FD7A /* ImageViewModel.swift */ = {isa = PBXFileReference; lastKnownFileType = sourcecode.swift; path = ImageViewModel.swift; sourceTree = "<group>"; };
		1BFE34B0EFC520FA324947CA /* SearchBooks.app */ = {isa = PBXFileReference; explicitFileType = wrapper.application; includeInIndex = 0; path = SearchBooks.app; sourceTree = BUILT_PRODUCTS_DIR; };
		2363616D44F139584A43D6D2 /* TuistAssets+SearchBooks.swift */ = {isa = PBXFileReference; lastKnownFileType = sourcecode.swift; path = "TuistAssets+SearchBooks.swift"; sourceTree = "<group>"; };
		2A2E898AF5B645538943E571 /* SearchBooksUITestsLaunchTests.swift */ = {isa = PBXFileReference; lastKnownFileType = sourcecode.swift; path = SearchBooksUITestsLaunchTests.swift; sourceTree = "<group>"; };
		30736F6F9BB343272E110401 /* SearchBooksTests.swift */ = {isa = PBXFileReference; lastKnownFileType = sourcecode.swift; path = SearchBooksTests.swift; sourceTree = "<group>"; };
		662C47E758A7B23A875032DA /* ImageView.swift */ = {isa = PBXFileReference; lastKnownFileType = sourcecode.swift; path = ImageView.swift; sourceTree = "<group>"; };
		69F06E84AEBACD0E13A1077C /* Preview Assets.xcassets */ = {isa = PBXFileReference; lastKnownFileType = folder.assetcatalog; path = "Preview Assets.xcassets"; sourceTree = "<group>"; };
		6B95CAC9CD9A695E6F046EFA /* Book.swift */ = {isa = PBXFileReference; lastKnownFileType = sourcecode.swift; path = Book.swift; sourceTree = "<group>"; };
		6FB0DABD5E9E5AA5DBE0C6D1 /* PDFWebView.swift */ = {isa = PBXFileReference; lastKnownFileType = sourcecode.swift; path = PDFWebView.swift; sourceTree = "<group>"; };
		72F98A0C331D8C5F701ED5EA /* SearchBooksApp.swift */ = {isa = PBXFileReference; lastKnownFileType = sourcecode.swift; path = SearchBooksApp.swift; sourceTree = "<group>"; };
		7A0EFF3591A2138ADEAD37AA /* BookDetailRepository.swift */ = {isa = PBXFileReference; lastKnownFileType = sourcecode.swift; path = BookDetailRepository.swift; sourceTree = "<group>"; };
		806AF3D969FD137D90A041A8 /* BookDetailViewModel.swift */ = {isa = PBXFileReference; lastKnownFileType = sourcecode.swift; path = BookDetailViewModel.swift; sourceTree = "<group>"; };
		90A60B77942514A9E816A1B8 /* SearchBooksTests.xctest */ = {isa = PBXFileReference; explicitFileType = wrapper.cfbundle; includeInIndex = 0; path = SearchBooksTests.xctest; sourceTree = BUILT_PRODUCTS_DIR; };
		91D6120AFD3482A04CDDB9FB /* WKWebViewRepresentableView.swift */ = {isa = PBXFileReference; lastKnownFileType = sourcecode.swift; path = WKWebViewRepresentableView.swift; sourceTree = "<group>"; };
		9496BFC8DEC2B10D21E7380C /* SearchBookAPI.swift */ = {isa = PBXFileReference; lastKnownFileType = sourcecode.swift; path = SearchBookAPI.swift; sourceTree = "<group>"; };
		97696DE0D05C1E20943CBF8B /* SearchBooksRepository.swift */ = {isa = PBXFileReference; lastKnownFileType = sourcecode.swift; path = SearchBooksRepository.swift; sourceTree = "<group>"; };
		97AA796757DE355B054D644B /* SearchBooksResponse.swift */ = {isa = PBXFileReference; lastKnownFileType = sourcecode.swift; path = SearchBooksResponse.swift; sourceTree = "<group>"; };
		9D674550BFCE82C16EDFA59A /* ImageCacheManager.swift */ = {isa = PBXFileReference; lastKnownFileType = sourcecode.swift; path = ImageCacheManager.swift; sourceTree = "<group>"; };
		AB42CF7D1ACEFDF14E8F6D6A /* BookDetailView.swift */ = {isa = PBXFileReference; lastKnownFileType = sourcecode.swift; path = BookDetailView.swift; sourceTree = "<group>"; };
		BB84249311021AE497EF2822 /* BookItemView.swift */ = {isa = PBXFileReference; lastKnownFileType = sourcecode.swift; path = BookItemView.swift; sourceTree = "<group>"; };
		C1690BD4B3F5BC69118F9218 /* BookDetailPDFItemView.swift */ = {isa = PBXFileReference; lastKnownFileType = sourcecode.swift; path = BookDetailPDFItemView.swift; sourceTree = "<group>"; };
		C62A81A58A34ABC6F263F89D /* Assets.xcassets */ = {isa = PBXFileReference; lastKnownFileType = folder.assetcatalog; path = Assets.xcassets; sourceTree = "<group>"; };
		CAE750A601B903077C705694 /* SearchBooksView.swift */ = {isa = PBXFileReference; lastKnownFileType = sourcecode.swift; path = SearchBooksView.swift; sourceTree = "<group>"; };
		CF6AF5130BDF4BBA30F56458 /* BookDetail.swift */ = {isa = PBXFileReference; lastKnownFileType = sourcecode.swift; path = BookDetail.swift; sourceTree = "<group>"; };
		D32310FA7F5489DC8E34FE67 /* SearchBooks-Info.plist */ = {isa = PBXFileReference; lastKnownFileType = text.plist; path = "SearchBooks-Info.plist"; sourceTree = "<group>"; };
		D348180C38E3CDFE861055B9 /* SwiftUIIntrospect.framework */ = {isa = PBXFileReference; explicitFileType = wrapper.framework; includeInIndex = 0; path = SwiftUIIntrospect.framework; sourceTree = BUILT_PRODUCTS_DIR; };
		D691D1BA20DA7227C717177F /* SearchBooksUITests.swift */ = {isa = PBXFileReference; lastKnownFileType = sourcecode.swift; path = SearchBooksUITests.swift; sourceTree = "<group>"; };
		E66BDB6F66BA69642B074F50 /* SearchBooksUITests.xctest */ = {isa = PBXFileReference; explicitFileType = wrapper.cfbundle; includeInIndex = 0; path = SearchBooksUITests.xctest; sourceTree = BUILT_PRODUCTS_DIR; };
		E69C287E7043ADF360D074CA /* SearchBooksViewModel.swift */ = {isa = PBXFileReference; lastKnownFileType = sourcecode.swift; path = SearchBooksViewModel.swift; sourceTree = "<group>"; };
		F1E3353DF785663F956A4093 /* SearchBooksTests-Info.plist */ = {isa = PBXFileReference; lastKnownFileType = text.plist; path = "SearchBooksTests-Info.plist"; sourceTree = "<group>"; };
		F76844DB3AF89ED286E8FBA7 /* SearchBooksUITests-Info.plist */ = {isa = PBXFileReference; lastKnownFileType = text.plist; path = "SearchBooksUITests-Info.plist"; sourceTree = "<group>"; };
		F7A02622154ECFF2A02352AA /* TuistBundle+SearchBooks.swift */ = {isa = PBXFileReference; lastKnownFileType = sourcecode.swift; path = "TuistBundle+SearchBooks.swift"; sourceTree = "<group>"; };
/* End PBXFileReference section */

/* Begin PBXFrameworksBuildPhase section */
		1F661DD8FC5AC6ED4846D5D6 /* Frameworks */ = {
			isa = PBXFrameworksBuildPhase;
			buildActionMask = 2147483647;
			files = (
			);
			runOnlyForDeploymentPostprocessing = 0;
		};
		267783897EF16AD70D1BBA65 /* Frameworks */ = {
			isa = PBXFrameworksBuildPhase;
			buildActionMask = 2147483647;
			files = (
			);
			runOnlyForDeploymentPostprocessing = 0;
		};
		CDD816CA68A9E9EF4C3574EA /* Frameworks */ = {
			isa = PBXFrameworksBuildPhase;
			buildActionMask = 2147483647;
			files = (
				1A76F087C43E2A2A9484B173 /* SwiftUIIntrospect.framework in Frameworks */,
			);
			runOnlyForDeploymentPostprocessing = 0;
		};
/* End PBXFrameworksBuildPhase section */

/* Begin PBXGroup section */
		13163EF90FE68744B222ACE8 /* Project */ = {
			isa = PBXGroup;
			children = (
				2CF3264A4279CDD362C2ACA1 /* Derived */,
				C38899DDF0F48DBBEB96B881 /* SearchBooks */,
			);
			name = Project;
			sourceTree = "<group>";
		};
		14B78F19D757AC48DEA9E0CE /* InfoPlists */ = {
			isa = PBXGroup;
			children = (
				D32310FA7F5489DC8E34FE67 /* SearchBooks-Info.plist */,
				F1E3353DF785663F956A4093 /* SearchBooksTests-Info.plist */,
				F76844DB3AF89ED286E8FBA7 /* SearchBooksUITests-Info.plist */,
			);
			path = InfoPlists;
			sourceTree = "<group>";
		};
		2B40F80BD7765D44AF46B556 /* Sources */ = {
			isa = PBXGroup;
			children = (
				7F40B8108A8465F165DBF6AE /* Common */,
				B1262BACCCFAFACBFF048290 /* Entities */,
				ED7DC2C596159C1C0CDAB5AC /* Repositories */,
				B5D140C424BB68294C7A5FF2 /* Services */,
				533C863729332C62066FDC1D /* ViewModels */,
				D3357FF52D006A6E406714B9 /* Views */,
				72F98A0C331D8C5F701ED5EA /* SearchBooksApp.swift */,
			);
			path = Sources;
			sourceTree = "<group>";
		};
		2CF3264A4279CDD362C2ACA1 /* Derived */ = {
			isa = PBXGroup;
			children = (
				14B78F19D757AC48DEA9E0CE /* InfoPlists */,
				DDFA54D0C96EBA657C6B3CC2 /* Sources */,
			);
			path = Derived;
			sourceTree = "<group>";
		};
		2D26B5E01D8029110C040F91 /* Resources */ = {
			isa = PBXGroup;
			children = (
				A4D38065A319B5F8B6DB1110 /* Preview Content */,
				C62A81A58A34ABC6F263F89D /* Assets.xcassets */,
			);
			path = Resources;
			sourceTree = "<group>";
		};
		363B10409E3F0BA82B348F27 = {
			isa = PBXGroup;
			children = (
				13163EF90FE68744B222ACE8 /* Project */,
				EBBE04F597C7F87D34EE5390 /* Products */,
			);
			sourceTree = "<group>";
		};
		533C863729332C62066FDC1D /* ViewModels */ = {
			isa = PBXGroup;
			children = (
				806AF3D969FD137D90A041A8 /* BookDetailViewModel.swift */,
				16B4B77B353A08C2C1F0FD7A /* ImageViewModel.swift */,
				E69C287E7043ADF360D074CA /* SearchBooksViewModel.swift */,
			);
			path = ViewModels;
			sourceTree = "<group>";
		};
		7F40B8108A8465F165DBF6AE /* Common */ = {
			isa = PBXGroup;
			children = (
				9D674550BFCE82C16EDFA59A /* ImageCacheManager.swift */,
			);
			path = Common;
			sourceTree = "<group>";
		};
		98B1DBA9F52EBDF04AEB5580 /* Tests */ = {
			isa = PBXGroup;
			children = (
				30736F6F9BB343272E110401 /* SearchBooksTests.swift */,
			);
			path = Tests;
			sourceTree = "<group>";
		};
		A4D38065A319B5F8B6DB1110 /* Preview Content */ = {
			isa = PBXGroup;
			children = (
				69F06E84AEBACD0E13A1077C /* Preview Assets.xcassets */,
			);
			path = "Preview Content";
			sourceTree = "<group>";
		};
		B1262BACCCFAFACBFF048290 /* Entities */ = {
			isa = PBXGroup;
			children = (
				6B95CAC9CD9A695E6F046EFA /* Book.swift */,
				CF6AF5130BDF4BBA30F56458 /* BookDetail.swift */,
				97AA796757DE355B054D644B /* SearchBooksResponse.swift */,
			);
			path = Entities;
			sourceTree = "<group>";
		};
		B5D140C424BB68294C7A5FF2 /* Services */ = {
			isa = PBXGroup;
			children = (
				9496BFC8DEC2B10D21E7380C /* SearchBookAPI.swift */,
			);
			path = Services;
			sourceTree = "<group>";
		};
		C38899DDF0F48DBBEB96B881 /* SearchBooks */ = {
			isa = PBXGroup;
			children = (
				2D26B5E01D8029110C040F91 /* Resources */,
				2B40F80BD7765D44AF46B556 /* Sources */,
				98B1DBA9F52EBDF04AEB5580 /* Tests */,
				DE478308E61A92AC29FF4E9F /* UITests */,
			);
			path = SearchBooks;
			sourceTree = "<group>";
		};
		D3357FF52D006A6E406714B9 /* Views */ = {
			isa = PBXGroup;
			children = (
				C1690BD4B3F5BC69118F9218 /* BookDetailPDFItemView.swift */,
				AB42CF7D1ACEFDF14E8F6D6A /* BookDetailView.swift */,
				BB84249311021AE497EF2822 /* BookItemView.swift */,
				662C47E758A7B23A875032DA /* ImageView.swift */,
				6FB0DABD5E9E5AA5DBE0C6D1 /* PDFWebView.swift */,
				CAE750A601B903077C705694 /* SearchBooksView.swift */,
				91D6120AFD3482A04CDDB9FB /* WKWebViewRepresentableView.swift */,
			);
			path = Views;
			sourceTree = "<group>";
		};
		DDFA54D0C96EBA657C6B3CC2 /* Sources */ = {
			isa = PBXGroup;
			children = (
				2363616D44F139584A43D6D2 /* TuistAssets+SearchBooks.swift */,
				F7A02622154ECFF2A02352AA /* TuistBundle+SearchBooks.swift */,
			);
			path = Sources;
			sourceTree = "<group>";
		};
		DE478308E61A92AC29FF4E9F /* UITests */ = {
			isa = PBXGroup;
			children = (
				D691D1BA20DA7227C717177F /* SearchBooksUITests.swift */,
				2A2E898AF5B645538943E571 /* SearchBooksUITestsLaunchTests.swift */,
			);
			path = UITests;
			sourceTree = "<group>";
		};
		EBBE04F597C7F87D34EE5390 /* Products */ = {
			isa = PBXGroup;
			children = (
				1BFE34B0EFC520FA324947CA /* SearchBooks.app */,
				90A60B77942514A9E816A1B8 /* SearchBooksTests.xctest */,
				E66BDB6F66BA69642B074F50 /* SearchBooksUITests.xctest */,
				D348180C38E3CDFE861055B9 /* SwiftUIIntrospect.framework */,
			);
			name = Products;
			sourceTree = "<group>";
		};
		ED7DC2C596159C1C0CDAB5AC /* Repositories */ = {
			isa = PBXGroup;
			children = (
				7A0EFF3591A2138ADEAD37AA /* BookDetailRepository.swift */,
				97696DE0D05C1E20943CBF8B /* SearchBooksRepository.swift */,
			);
			path = Repositories;
			sourceTree = "<group>";
		};
/* End PBXGroup section */

/* Begin PBXNativeTarget section */
		0A1183CE41DD88E1C4D5566E /* SearchBooksTests */ = {
			isa = PBXNativeTarget;
			buildConfigurationList = 4914FA850D4B58161E86D6A1 /* Build configuration list for PBXNativeTarget "SearchBooksTests" */;
			buildPhases = (
				1CD33046A2467AC30D49AFAA /* Sources */,
				8BAAB840F9823E9F43A579FF /* Resources */,
				E17F7D4852F0B0B95D0885FA /* Embed Frameworks */,
				1F661DD8FC5AC6ED4846D5D6 /* Frameworks */,
			);
			buildRules = (
			);
			dependencies = (
				BD579D1030792C429CF541F4 /* PBXTargetDependency */,
			);
			name = SearchBooksTests;
			productName = SearchBooksTests;
			productReference = 90A60B77942514A9E816A1B8 /* SearchBooksTests.xctest */;
			productType = "com.apple.product-type.bundle.unit-test";
		};
		1CA5B36E1A2C010338DD549A /* SearchBooks */ = {
			isa = PBXNativeTarget;
			buildConfigurationList = 2C7DC534C2F02EE439254EAB /* Build configuration list for PBXNativeTarget "SearchBooks" */;
			buildPhases = (
				4ABAB7C7CDEFCB417298D018 /* Sources */,
				36B66EC446B344AA616DC4B8 /* Resources */,
				3AFEEA8FD262D4CDEC047C8C /* Embed Frameworks */,
				CDD816CA68A9E9EF4C3574EA /* Frameworks */,
			);
			buildRules = (
			);
			dependencies = (
			);
			name = SearchBooks;
			productName = SearchBooks;
			productReference = 1BFE34B0EFC520FA324947CA /* SearchBooks.app */;
			productType = "com.apple.product-type.application";
		};
		AD6C2A438B13B8016B6608F0 /* SearchBooksUITests */ = {
			isa = PBXNativeTarget;
			buildConfigurationList = 887A04191619CFC9808933A5 /* Build configuration list for PBXNativeTarget "SearchBooksUITests" */;
			buildPhases = (
				A64EA2AFA74689F25C03BD63 /* Sources */,
				BD4F34AEFD99AC5C18AE976D /* Resources */,
				C2A2869B9194872E3612E77B /* Embed Frameworks */,
				267783897EF16AD70D1BBA65 /* Frameworks */,
			);
			buildRules = (
			);
			dependencies = (
				196526732E21B9F0767C7E82 /* PBXTargetDependency */,
			);
			name = SearchBooksUITests;
			productName = SearchBooksUITests;
			productReference = E66BDB6F66BA69642B074F50 /* SearchBooksUITests.xctest */;
			productType = "com.apple.product-type.bundle.unit-test";
		};
/* End PBXNativeTarget section */

/* Begin PBXProject section */
		5B7534BCEB7B2A17C84CF0BD /* Project object */ = {
			isa = PBXProject;
			attributes = {
				BuildIndependentTargetsInParallel = YES;
				TargetAttributes = {
					0A1183CE41DD88E1C4D5566E = {
						TestTargetID = 1CA5B36E1A2C010338DD549A;
					};
					AD6C2A438B13B8016B6608F0 = {
						TestTargetID = 1CA5B36E1A2C010338DD549A;
					};
				};
			};
			buildConfigurationList = 52FED2C2465F69B6C6547D47 /* Build configuration list for PBXProject "SearchBooks" */;
			compatibilityVersion = "Xcode 14.0";
			developmentRegion = en;
			hasScannedForEncodings = 0;
			knownRegions = (
				Base,
				en,
			);
			mainGroup = 363B10409E3F0BA82B348F27;
			productRefGroup = EBBE04F597C7F87D34EE5390 /* Products */;
			projectDirPath = "";
			projectRoot = "";
			targets = (
				1CA5B36E1A2C010338DD549A /* SearchBooks */,
				0A1183CE41DD88E1C4D5566E /* SearchBooksTests */,
				AD6C2A438B13B8016B6608F0 /* SearchBooksUITests */,
			);
		};
/* End PBXProject section */

/* Begin PBXResourcesBuildPhase section */
		36B66EC446B344AA616DC4B8 /* Resources */ = {
			isa = PBXResourcesBuildPhase;
			buildActionMask = 2147483647;
			files = (
				934B5AE96918BFA448128936 /* Assets.xcassets in Resources */,
				75FBE9B8A366B971C9891327 /* Preview Assets.xcassets in Resources */,
			);
			runOnlyForDeploymentPostprocessing = 0;
		};
		8BAAB840F9823E9F43A579FF /* Resources */ = {
			isa = PBXResourcesBuildPhase;
			buildActionMask = 2147483647;
			files = (
			);
			runOnlyForDeploymentPostprocessing = 0;
		};
		BD4F34AEFD99AC5C18AE976D /* Resources */ = {
			isa = PBXResourcesBuildPhase;
			buildActionMask = 2147483647;
			files = (
			);
			runOnlyForDeploymentPostprocessing = 0;
		};
/* End PBXResourcesBuildPhase section */

/* Begin PBXSourcesBuildPhase section */
		1CD33046A2467AC30D49AFAA /* Sources */ = {
			isa = PBXSourcesBuildPhase;
			buildActionMask = 2147483647;
			files = (
				3C1521D2B8A53328F01E0619 /* SearchBooksTests.swift in Sources */,
			);
			runOnlyForDeploymentPostprocessing = 0;
		};
		4ABAB7C7CDEFCB417298D018 /* Sources */ = {
			isa = PBXSourcesBuildPhase;
			buildActionMask = 2147483647;
			files = (
				A2428E5E798DA934DDAC7D79 /* TuistAssets+SearchBooks.swift in Sources */,
				0069C1087D8F628B4E83E886 /* TuistBundle+SearchBooks.swift in Sources */,
				74B82B8337927386D34CEA2D /* ImageCacheManager.swift in Sources */,
				3BFD73900BD854F4E246D80F /* Book.swift in Sources */,
				90613989B280F3DB170F9927 /* BookDetail.swift in Sources */,
				1649A010BC6B3F9C186EF7D9 /* SearchBooksResponse.swift in Sources */,
				5592E87EA08A2F8945B347F2 /* BookDetailRepository.swift in Sources */,
				7867A413CD73EB618E274024 /* SearchBooksRepository.swift in Sources */,
				8CBD1F5254D893ACC86FDBA2 /* SearchBooksApp.swift in Sources */,
				06A5AF1174BD3B981BE9A3C3 /* SearchBookAPI.swift in Sources */,
				22EE1F4CF3CE3CAAE31F466F /* BookDetailViewModel.swift in Sources */,
				1ED1384A3DAFE6221C56ADDA /* ImageViewModel.swift in Sources */,
				F961C1278BAAB4C5F91F3120 /* SearchBooksViewModel.swift in Sources */,
				FD0830D9E7A6A3D10DB3A146 /* BookDetailPDFItemView.swift in Sources */,
				DBD70F88D4F487DDEA8F6A73 /* BookDetailView.swift in Sources */,
				EE5FC86EC87A2193E903D2A1 /* BookItemView.swift in Sources */,
				5EB5956ADCD4813A3D5A988F /* ImageView.swift in Sources */,
				E676447CA24F2B9E718433D6 /* PDFWebView.swift in Sources */,
				082A1BCBEDF89DD057D68797 /* SearchBooksView.swift in Sources */,
				262FF4F5D49B87C7CE68CFCE /* WKWebViewRepresentableView.swift in Sources */,
			);
			runOnlyForDeploymentPostprocessing = 0;
		};
		A64EA2AFA74689F25C03BD63 /* Sources */ = {
			isa = PBXSourcesBuildPhase;
			buildActionMask = 2147483647;
			files = (
				0E2043D9ACD88726A717A089 /* SearchBooksUITests.swift in Sources */,
				A9B888E476C7128AC28F8608 /* SearchBooksUITestsLaunchTests.swift in Sources */,
			);
			runOnlyForDeploymentPostprocessing = 0;
		};
/* End PBXSourcesBuildPhase section */

/* Begin PBXTargetDependency section */
		196526732E21B9F0767C7E82 /* PBXTargetDependency */ = {
			isa = PBXTargetDependency;
			name = SearchBooks;
			target = 1CA5B36E1A2C010338DD549A /* SearchBooks */;
			targetProxy = E093B632AA20296295FF95FC /* PBXContainerItemProxy */;
		};
		BD579D1030792C429CF541F4 /* PBXTargetDependency */ = {
			isa = PBXTargetDependency;
			name = SearchBooks;
			target = 1CA5B36E1A2C010338DD549A /* SearchBooks */;
			targetProxy = C9008842A41118A2992E4AEC /* PBXContainerItemProxy */;
		};
/* End PBXTargetDependency section */

/* Begin XCBuildConfiguration section */
		04ABFC626C65B383A75F4BC7 /* Release */ = {
			isa = XCBuildConfiguration;
			buildSettings = {
				BUNDLE_LOADER = "$(TEST_HOST)";
				CODE_SIGN_IDENTITY = "iPhone Developer";
				INFOPLIST_FILE = "Derived/InfoPlists/SearchBooksTests-Info.plist";
				LD_RUNPATH_SEARCH_PATHS = (
					"$(inherited)",
					"@executable_path/Frameworks",
					"@loader_path/Frameworks",
				);
				PRODUCT_BUNDLE_IDENTIFIER = cory.SearchBooksTests;
				PRODUCT_NAME = SearchBooksTests;
				SDKROOT = iphoneos;
				SUPPORTS_MACCATALYST = NO;
				SUPPORTS_MAC_DESIGNED_FOR_IPHONE_IPAD = YES;
				SUPPORTS_XR_DESIGNED_FOR_IPHONE_IPAD = NO;
				SWIFT_COMPILATION_MODE = wholemodule;
				SWIFT_OPTIMIZATION_LEVEL = "-Owholemodule";
				SWIFT_VERSION = 5.0;
				TARGETED_DEVICE_FAMILY = "1,2";
				TEST_HOST = "$(BUILT_PRODUCTS_DIR)/SearchBooks.app/$(BUNDLE_EXECUTABLE_FOLDER_PATH)/SearchBooks";
				TEST_TARGET_NAME = SearchBooks;
			};
			name = Release;
		};
		3239F9A9803C4E9737CA566D /* Debug */ = {
			isa = XCBuildConfiguration;
			buildSettings = {
				ALWAYS_SEARCH_USER_PATHS = NO;
				CLANG_ANALYZER_LOCALIZABILITY_NONLOCALIZED = YES;
				CLANG_ANALYZER_NONNULL = YES;
				CLANG_ANALYZER_NUMBER_OBJECT_CONVERSION = YES_AGGRESSIVE;
				CLANG_CXX_LANGUAGE_STANDARD = "gnu++14";
				CLANG_CXX_LIBRARY = "libc++";
				CLANG_ENABLE_MODULES = YES;
				CLANG_ENABLE_OBJC_ARC = YES;
				CLANG_ENABLE_OBJC_WEAK = YES;
				CLANG_WARN_BLOCK_CAPTURE_AUTORELEASING = YES;
				CLANG_WARN_BOOL_CONVERSION = YES;
				CLANG_WARN_COMMA = YES;
				CLANG_WARN_CONSTANT_CONVERSION = YES;
				CLANG_WARN_DEPRECATED_OBJC_IMPLEMENTATIONS = YES;
				CLANG_WARN_DIRECT_OBJC_ISA_USAGE = YES_ERROR;
				CLANG_WARN_DOCUMENTATION_COMMENTS = YES;
				CLANG_WARN_EMPTY_BODY = YES;
				CLANG_WARN_ENUM_CONVERSION = YES;
				CLANG_WARN_INFINITE_RECURSION = YES;
				CLANG_WARN_INT_CONVERSION = YES;
				CLANG_WARN_NON_LITERAL_NULL_CONVERSION = YES;
				CLANG_WARN_OBJC_IMPLICIT_RETAIN_SELF = YES;
				CLANG_WARN_OBJC_LITERAL_CONVERSION = YES;
				CLANG_WARN_OBJC_ROOT_CLASS = YES_ERROR;
				CLANG_WARN_QUOTED_INCLUDE_IN_FRAMEWORK_HEADER = YES;
				CLANG_WARN_RANGE_LOOP_ANALYSIS = YES;
				CLANG_WARN_STRICT_PROTOTYPES = YES;
				CLANG_WARN_SUSPICIOUS_MOVE = YES;
				CLANG_WARN_UNGUARDED_AVAILABILITY = YES_AGGRESSIVE;
				CLANG_WARN_UNREACHABLE_CODE = YES;
				CLANG_WARN__DUPLICATE_METHOD_MATCH = YES;
				COPY_PHASE_STRIP = NO;
				DEAD_CODE_STRIPPING = YES;
				DEBUG_INFORMATION_FORMAT = dwarf;
				ENABLE_STRICT_OBJC_MSGSEND = YES;
				ENABLE_TESTABILITY = YES;
				GCC_C_LANGUAGE_STANDARD = gnu11;
				GCC_DYNAMIC_NO_PIC = NO;
				GCC_NO_COMMON_BLOCKS = YES;
				GCC_OPTIMIZATION_LEVEL = 0;
				GCC_PREPROCESSOR_DEFINITIONS = (
					"DEBUG=1",
					"$(inherited)",
				);
				GCC_WARN_64_TO_32_BIT_CONVERSION = YES;
				GCC_WARN_ABOUT_RETURN_TYPE = YES_ERROR;
				GCC_WARN_UNDECLARED_SELECTOR = YES;
				GCC_WARN_UNINITIALIZED_AUTOS = YES_AGGRESSIVE;
				GCC_WARN_UNUSED_FUNCTION = YES;
				GCC_WARN_UNUSED_VARIABLE = YES;
				MTL_ENABLE_DEBUG_INFO = YES;
				ONLY_ACTIVE_ARCH = YES;
				PRODUCT_NAME = "$(TARGET_NAME)";
			};
			name = Debug;
		};
		379A2022E50E3DF8AC4F570F /* Release */ = {
			isa = XCBuildConfiguration;
			buildSettings = {
				ALWAYS_SEARCH_USER_PATHS = NO;
				CLANG_ANALYZER_LOCALIZABILITY_NONLOCALIZED = YES;
				CLANG_ANALYZER_NONNULL = YES;
				CLANG_ANALYZER_NUMBER_OBJECT_CONVERSION = YES_AGGRESSIVE;
				CLANG_CXX_LANGUAGE_STANDARD = "gnu++14";
				CLANG_CXX_LIBRARY = "libc++";
				CLANG_ENABLE_MODULES = YES;
				CLANG_ENABLE_OBJC_ARC = YES;
				CLANG_ENABLE_OBJC_WEAK = YES;
				CLANG_WARN_BLOCK_CAPTURE_AUTORELEASING = YES;
				CLANG_WARN_BOOL_CONVERSION = YES;
				CLANG_WARN_COMMA = YES;
				CLANG_WARN_CONSTANT_CONVERSION = YES;
				CLANG_WARN_DEPRECATED_OBJC_IMPLEMENTATIONS = YES;
				CLANG_WARN_DIRECT_OBJC_ISA_USAGE = YES_ERROR;
				CLANG_WARN_DOCUMENTATION_COMMENTS = YES;
				CLANG_WARN_EMPTY_BODY = YES;
				CLANG_WARN_ENUM_CONVERSION = YES;
				CLANG_WARN_INFINITE_RECURSION = YES;
				CLANG_WARN_INT_CONVERSION = YES;
				CLANG_WARN_NON_LITERAL_NULL_CONVERSION = YES;
				CLANG_WARN_OBJC_IMPLICIT_RETAIN_SELF = YES;
				CLANG_WARN_OBJC_LITERAL_CONVERSION = YES;
				CLANG_WARN_OBJC_ROOT_CLASS = YES_ERROR;
				CLANG_WARN_QUOTED_INCLUDE_IN_FRAMEWORK_HEADER = YES;
				CLANG_WARN_RANGE_LOOP_ANALYSIS = YES;
				CLANG_WARN_STRICT_PROTOTYPES = YES;
				CLANG_WARN_SUSPICIOUS_MOVE = YES;
				CLANG_WARN_UNGUARDED_AVAILABILITY = YES_AGGRESSIVE;
				CLANG_WARN_UNREACHABLE_CODE = YES;
				CLANG_WARN__DUPLICATE_METHOD_MATCH = YES;
				COPY_PHASE_STRIP = NO;
				DEAD_CODE_STRIPPING = YES;
				DEBUG_INFORMATION_FORMAT = "dwarf-with-dsym";
				ENABLE_NS_ASSERTIONS = NO;
				ENABLE_STRICT_OBJC_MSGSEND = YES;
				GCC_C_LANGUAGE_STANDARD = gnu11;
				GCC_NO_COMMON_BLOCKS = YES;
				GCC_WARN_64_TO_32_BIT_CONVERSION = YES;
				GCC_WARN_ABOUT_RETURN_TYPE = YES_ERROR;
				GCC_WARN_UNDECLARED_SELECTOR = YES;
				GCC_WARN_UNINITIALIZED_AUTOS = YES_AGGRESSIVE;
				GCC_WARN_UNUSED_FUNCTION = YES;
				GCC_WARN_UNUSED_VARIABLE = YES;
				MTL_ENABLE_DEBUG_INFO = NO;
				PRODUCT_NAME = "$(TARGET_NAME)";
				VALIDATE_PRODUCT = YES;
			};
			name = Release;
		};
		4D841D8FF73C4836B50DF5C5 /* Debug */ = {
			isa = XCBuildConfiguration;
			buildSettings = {
				ASSETCATALOG_COMPILER_APPICON_NAME = AppIcon;
				CODE_SIGN_IDENTITY = "iPhone Developer";
				ENABLE_PREVIEWS = YES;
				INFOPLIST_FILE = "Derived/InfoPlists/SearchBooks-Info.plist";
				LD_RUNPATH_SEARCH_PATHS = (
					"$(inherited)",
					"@executable_path/Frameworks",
				);
				PRODUCT_BUNDLE_IDENTIFIER = cory.SearchBooks;
				PRODUCT_NAME = SearchBooks;
				SDKROOT = iphoneos;
				SUPPORTS_MACCATALYST = NO;
				SUPPORTS_MAC_DESIGNED_FOR_IPHONE_IPAD = YES;
				SUPPORTS_XR_DESIGNED_FOR_IPHONE_IPAD = NO;
				SWIFT_ACTIVE_COMPILATION_CONDITIONS = (
					"$(inherited)",
					DEBUG,
				);
				SWIFT_COMPILATION_MODE = singlefile;
				SWIFT_OPTIMIZATION_LEVEL = "-Onone";
				SWIFT_VERSION = 5.0;
				TARGETED_DEVICE_FAMILY = "1,2";
			};
			name = Debug;
		};
		84F917DDFE578728109A688D /* Release */ = {
			isa = XCBuildConfiguration;
			buildSettings = {
				ASSETCATALOG_COMPILER_APPICON_NAME = AppIcon;
				CODE_SIGN_IDENTITY = "iPhone Developer";
				ENABLE_PREVIEWS = YES;
				INFOPLIST_FILE = "Derived/InfoPlists/SearchBooks-Info.plist";
				LD_RUNPATH_SEARCH_PATHS = (
					"$(inherited)",
					"@executable_path/Frameworks",
				);
				PRODUCT_BUNDLE_IDENTIFIER = cory.SearchBooks;
				PRODUCT_NAME = SearchBooks;
				SDKROOT = iphoneos;
				SUPPORTS_MACCATALYST = NO;
				SUPPORTS_MAC_DESIGNED_FOR_IPHONE_IPAD = YES;
				SUPPORTS_XR_DESIGNED_FOR_IPHONE_IPAD = NO;
				SWIFT_COMPILATION_MODE = wholemodule;
				SWIFT_OPTIMIZATION_LEVEL = "-Owholemodule";
				SWIFT_VERSION = 5.0;
				TARGETED_DEVICE_FAMILY = "1,2";
			};
			name = Release;
		};
		C2D970D1B8E84D650FEFE6C4 /* Release */ = {
			isa = XCBuildConfiguration;
			buildSettings = {
				BUNDLE_LOADER = "$(TEST_HOST)";
				CODE_SIGN_IDENTITY = "iPhone Developer";
				INFOPLIST_FILE = "Derived/InfoPlists/SearchBooksUITests-Info.plist";
				LD_RUNPATH_SEARCH_PATHS = (
					"$(inherited)",
					"@executable_path/Frameworks",
					"@loader_path/Frameworks",
				);
				PRODUCT_BUNDLE_IDENTIFIER = cory.SearchBooksUITests;
				PRODUCT_NAME = SearchBooksUITests;
				SDKROOT = iphoneos;
				SUPPORTS_MACCATALYST = NO;
				SUPPORTS_MAC_DESIGNED_FOR_IPHONE_IPAD = YES;
				SUPPORTS_XR_DESIGNED_FOR_IPHONE_IPAD = NO;
				SWIFT_COMPILATION_MODE = wholemodule;
				SWIFT_OPTIMIZATION_LEVEL = "-Owholemodule";
				SWIFT_VERSION = 5.0;
				TARGETED_DEVICE_FAMILY = "1,2";
				TEST_HOST = "$(BUILT_PRODUCTS_DIR)/SearchBooks.app/$(BUNDLE_EXECUTABLE_FOLDER_PATH)/SearchBooks";
				TEST_TARGET_NAME = SearchBooks;
			};
			name = Release;
		};
		CED2E270CB812D90C25FD030 /* Debug */ = {
			isa = XCBuildConfiguration;
			buildSettings = {
				BUNDLE_LOADER = "$(TEST_HOST)";
				CODE_SIGN_IDENTITY = "iPhone Developer";
				INFOPLIST_FILE = "Derived/InfoPlists/SearchBooksUITests-Info.plist";
				LD_RUNPATH_SEARCH_PATHS = (
					"$(inherited)",
					"@executable_path/Frameworks",
					"@loader_path/Frameworks",
				);
				PRODUCT_BUNDLE_IDENTIFIER = cory.SearchBooksUITests;
				PRODUCT_NAME = SearchBooksUITests;
				SDKROOT = iphoneos;
				SUPPORTS_MACCATALYST = NO;
				SUPPORTS_MAC_DESIGNED_FOR_IPHONE_IPAD = YES;
				SUPPORTS_XR_DESIGNED_FOR_IPHONE_IPAD = NO;
				SWIFT_ACTIVE_COMPILATION_CONDITIONS = (
					"$(inherited)",
					DEBUG,
				);
				SWIFT_COMPILATION_MODE = singlefile;
				SWIFT_OPTIMIZATION_LEVEL = "-Onone";
				SWIFT_VERSION = 5.0;
				TARGETED_DEVICE_FAMILY = "1,2";
				TEST_HOST = "$(BUILT_PRODUCTS_DIR)/SearchBooks.app/$(BUNDLE_EXECUTABLE_FOLDER_PATH)/SearchBooks";
				TEST_TARGET_NAME = SearchBooks;
			};
			name = Debug;
		};
		DEE746154764701BF74716BC /* Debug */ = {
			isa = XCBuildConfiguration;
			buildSettings = {
				BUNDLE_LOADER = "$(TEST_HOST)";
				CODE_SIGN_IDENTITY = "iPhone Developer";
				INFOPLIST_FILE = "Derived/InfoPlists/SearchBooksTests-Info.plist";
				LD_RUNPATH_SEARCH_PATHS = (
					"$(inherited)",
					"@executable_path/Frameworks",
					"@loader_path/Frameworks",
				);
				PRODUCT_BUNDLE_IDENTIFIER = cory.SearchBooksTests;
				PRODUCT_NAME = SearchBooksTests;
				SDKROOT = iphoneos;
				SUPPORTS_MACCATALYST = NO;
				SUPPORTS_MAC_DESIGNED_FOR_IPHONE_IPAD = YES;
				SUPPORTS_XR_DESIGNED_FOR_IPHONE_IPAD = NO;
				SWIFT_ACTIVE_COMPILATION_CONDITIONS = (
					"$(inherited)",
					DEBUG,
				);
				SWIFT_COMPILATION_MODE = singlefile;
				SWIFT_OPTIMIZATION_LEVEL = "-Onone";
				SWIFT_VERSION = 5.0;
				TARGETED_DEVICE_FAMILY = "1,2";
				TEST_HOST = "$(BUILT_PRODUCTS_DIR)/SearchBooks.app/$(BUNDLE_EXECUTABLE_FOLDER_PATH)/SearchBooks";
				TEST_TARGET_NAME = SearchBooks;
			};
			name = Debug;
		};
/* End XCBuildConfiguration section */

/* Begin XCConfigurationList section */
		2C7DC534C2F02EE439254EAB /* Build configuration list for PBXNativeTarget "SearchBooks" */ = {
			isa = XCConfigurationList;
			buildConfigurations = (
				4D841D8FF73C4836B50DF5C5 /* Debug */,
				84F917DDFE578728109A688D /* Release */,
			);
			defaultConfigurationIsVisible = 0;
			defaultConfigurationName = Release;
		};
		4914FA850D4B58161E86D6A1 /* Build configuration list for PBXNativeTarget "SearchBooksTests" */ = {
			isa = XCConfigurationList;
			buildConfigurations = (
				DEE746154764701BF74716BC /* Debug */,
				04ABFC626C65B383A75F4BC7 /* Release */,
			);
			defaultConfigurationIsVisible = 0;
			defaultConfigurationName = Release;
		};
		52FED2C2465F69B6C6547D47 /* Build configuration list for PBXProject "SearchBooks" */ = {
			isa = XCConfigurationList;
			buildConfigurations = (
				3239F9A9803C4E9737CA566D /* Debug */,
				379A2022E50E3DF8AC4F570F /* Release */,
			);
			defaultConfigurationIsVisible = 0;
			defaultConfigurationName = Release;
		};
		887A04191619CFC9808933A5 /* Build configuration list for PBXNativeTarget "SearchBooksUITests" */ = {
			isa = XCConfigurationList;
			buildConfigurations = (
				CED2E270CB812D90C25FD030 /* Debug */,
				C2D970D1B8E84D650FEFE6C4 /* Release */,
			);
			defaultConfigurationIsVisible = 0;
			defaultConfigurationName = Release;
		};
/* End XCConfigurationList section */
	};
	rootObject = 5B7534BCEB7B2A17C84CF0BD /* Project object */;
}
